lockVersion: 2.0.0
id: c8547e23-1f13-448b-999d-edc093cc295f
management:
  docChecksum: 30c75a8dde1c69bbd416b9a797f323b4
  docVersion: 1.0.1
  speakeasyVersion: internal
  generationVersion: 2.263.3
  releaseVersion: 0.2.4
  configChecksum: 9a356e550c8427006be37abe5c1c9766
  repoURL: https://github.com/honeyhiveai/typescript-sdk.git
  repoSubDirectory: .
  installationURL: https://github.com/honeyhiveai/typescript-sdk
features:
  typescript:
    core: 3.4.7
    flattening: 2.81.1
    globalSecurity: 2.82.2
    globalServerURLs: 2.82.1
generatedFiles:
  - src/sdk/configurations.ts
  - src/sdk/datapoint.ts
  - src/sdk/datasets.ts
  - src/sdk/events.ts
  - src/sdk/metrics.ts
  - src/sdk/prompts.ts
  - src/sdk/session.ts
  - src/sdk/tasks.ts
  - src/sdk/testcases.ts
  - src/sdk/tools.ts
  - src/sdk/sdk.ts
  - .eslintrc.yml
  - jest.config.js
  - src/index.ts
  - src/internal/utils/contenttype.ts
  - src/internal/utils/headers.ts
  - src/internal/utils/index.ts
  - src/internal/utils/pathparams.ts
  - src/internal/utils/queryparams.ts
  - src/internal/utils/requestbody.ts
  - src/internal/utils/retries.ts
  - src/internal/utils/security.ts
  - src/internal/utils/utils.ts
  - src/models/errors/sdkerror.ts
  - src/types/index.ts
  - src/types/rfcdate.ts
  - tsconfig.json
  - src/models/operations/getconfigurations.ts
  - src/models/operations/createconfiguration.ts
  - src/models/operations/deleteconfiguration.ts
  - src/models/operations/updateconfiguration.ts
  - src/models/operations/getdatapoints.ts
  - src/models/operations/updatedatapoint.ts
  - src/models/operations/createdatapoint.ts
  - src/models/operations/deletedatapoint.ts
  - src/models/operations/getdatapoint.ts
  - src/models/operations/getdatasets.ts
  - src/models/operations/createdataset.ts
  - src/models/operations/deletedataset.ts
  - src/models/operations/updatedataset.ts
  - src/models/operations/getevents.ts
  - src/models/operations/postevents.ts
  - src/models/operations/putevents.ts
  - src/models/operations/geteventschart.ts
  - src/models/operations/deleteeventseventid.ts
  - src/models/operations/deletemetrics.ts
  - src/models/operations/getmetrics.ts
  - src/models/operations/postmetrics.ts
  - src/models/operations/putmetrics.ts
  - src/models/operations/postmetricscompute.ts
  - src/models/operations/getprompts.ts
  - src/models/operations/postprompts.ts
  - src/models/operations/deletepromptsid.ts
  - src/models/operations/putpromptsid.ts
  - src/models/operations/startsession.ts
  - src/models/operations/deletesession.ts
  - src/models/operations/getsession.ts
  - src/models/operations/processeventtrace.ts
  - src/models/operations/deletetask.ts
  - src/models/operations/gettasks.ts
  - src/models/operations/createtask.ts
  - src/models/operations/updatetask.ts
  - src/models/operations/gettestcases.ts
  - src/models/operations/posttestcases.ts
  - src/models/operations/puttestcases.ts
  - src/models/operations/deletetool.ts
  - src/models/operations/gettools.ts
  - src/models/operations/createtool.ts
  - src/models/operations/updatetool.ts
  - src/models/components/configuration.ts
  - src/models/components/datapoint.ts
  - src/models/components/updatedatapointrequest.ts
  - src/models/components/createdatapointrequest.ts
  - src/models/components/dataset.ts
  - src/models/components/event.ts
  - src/models/components/metric.ts
  - src/models/components/metricedit.ts
  - src/models/components/prompt.ts
  - src/models/components/task.ts
  - src/models/components/testcase.ts
  - src/models/components/testcaseupdate.ts
  - src/models/components/tool.ts
  - src/models/components/toolupdate.ts
  - src/models/components/security.ts
  - src/models/errors/index.ts
  - src/models/operations/index.ts
  - src/models/components/index.ts
  - docs/models/operations/getconfigurationsrequest.md
  - docs/models/operations/getconfigurationsresponse.md
  - docs/models/operations/createconfigurationresponse.md
  - docs/models/operations/deleteconfigurationrequest.md
  - docs/models/operations/deleteconfigurationresponse.md
  - docs/models/operations/updateconfigurationrequest.md
  - docs/models/operations/updateconfigurationresponse.md
  - docs/models/operations/getdatapointsrequest.md
  - docs/models/operations/getdatapointsresponsebody.md
  - docs/models/operations/getdatapointsresponse.md
  - docs/models/operations/updatedatapointresponse.md
  - docs/models/operations/result.md
  - docs/models/operations/createdatapointresponsebody.md
  - docs/models/operations/createdatapointresponse.md
  - docs/models/operations/deletedatapointrequest.md
  - docs/models/operations/deletedatapointresponse.md
  - docs/models/operations/getdatapointrequest.md
  - docs/models/operations/getdatapointresponse.md
  - docs/models/operations/getdatasetsrequest.md
  - docs/models/operations/getdatasetsresponse.md
  - docs/models/operations/createdatasetresponse.md
  - docs/models/operations/deletedatasetrequest.md
  - docs/models/operations/deletedatasetresponsebody.md
  - docs/models/operations/deletedatasetresponse.md
  - docs/models/operations/updatedatasetrequest.md
  - docs/models/operations/updatedatasetresponse.md
  - docs/models/operations/geteventsrequest.md
  - docs/models/operations/geteventsresponse.md
  - docs/models/operations/posteventsrequestbody.md
  - docs/models/operations/posteventsresponsebody.md
  - docs/models/operations/posteventsresponse.md
  - docs/models/operations/feedback.md
  - docs/models/operations/metadata.md
  - docs/models/operations/metrics.md
  - docs/models/operations/outputs.md
  - docs/models/operations/puteventsrequestbody.md
  - docs/models/operations/puteventsresponse.md
  - docs/models/operations/geteventschartrequest.md
  - docs/models/operations/geteventschartresponse.md
  - docs/models/operations/deleteeventseventidrequest.md
  - docs/models/operations/deleteeventseventidresponse.md
  - docs/models/operations/deletemetricsrequest.md
  - docs/models/operations/deletemetricsresponse.md
  - docs/models/operations/getmetricsresponse.md
  - docs/models/operations/postmetricsresponse.md
  - docs/models/operations/putmetricsresponse.md
  - docs/models/operations/postmetricscomputeresponse.md
  - docs/models/operations/getpromptsrequest.md
  - docs/models/operations/getpromptsresponse.md
  - docs/models/operations/postpromptsresponse.md
  - docs/models/operations/deletepromptsidrequest.md
  - docs/models/operations/deletepromptsidresponse.md
  - docs/models/operations/putpromptsidrequest.md
  - docs/models/operations/putpromptsidresponse.md
  - docs/models/operations/startsessionrequestbody.md
  - docs/models/operations/startsessionresponsebody.md
  - docs/models/operations/startsessionresponse.md
  - docs/models/operations/deletesessionrequest.md
  - docs/models/operations/deletesessionresponse.md
  - docs/models/operations/getsessionrequest.md
  - docs/models/operations/getsessionresponse.md
  - docs/models/operations/processeventtracerequestbody.md
  - docs/models/operations/processeventtracerequest.md
  - docs/models/operations/processeventtraceresponsebody.md
  - docs/models/operations/processeventtraceresponse.md
  - docs/models/operations/deletetaskrequest.md
  - docs/models/operations/deletetaskresponse.md
  - docs/models/operations/gettasksrequest.md
  - docs/models/operations/gettasksresponse.md
  - docs/models/operations/createtaskresponse.md
  - docs/models/operations/updatetaskrequestbody.md
  - docs/models/operations/updatetaskresponse.md
  - docs/models/operations/gettestcasesrequest.md
  - docs/models/operations/gettestcasesresponsebody.md
  - docs/models/operations/gettestcasesresponse.md
  - docs/models/operations/posttestcasesresult.md
  - docs/models/operations/posttestcasesresponsebody.md
  - docs/models/operations/posttestcasesresponse.md
  - docs/models/operations/puttestcasesrequest.md
  - docs/models/operations/puttestcasesresponse.md
  - docs/models/operations/deletetoolrequest.md
  - docs/models/operations/deletetoolresponse.md
  - docs/models/operations/gettoolsresponse.md
  - docs/models/operations/createtoolresponse.md
  - docs/models/operations/updatetoolresponse.md
  - docs/models/components/parameterst.md
  - docs/models/components/userproperties.md
  - docs/models/components/configuration.md
  - docs/models/components/inputs.md
  - docs/models/components/history.md
  - docs/models/components/metadata.md
  - docs/models/components/datapoint.md
  - docs/models/components/updatedatapointrequestinputs.md
  - docs/models/components/updatedatapointrequesthistory.md
  - docs/models/components/updatedatapointrequestmetadata.md
  - docs/models/components/updatedatapointrequest.md
  - docs/models/components/createdatapointrequestinputs.md
  - docs/models/components/createdatapointrequesthistory.md
  - docs/models/components/createdatapointrequestmetadata.md
  - docs/types/rfcdate.md
  - docs/models/components/createdatapointrequest.md
  - docs/models/components/file.md
  - docs/models/components/dataset.md
  - docs/models/components/config.md
  - docs/models/components/feedback.md
  - docs/models/components/eventinputs.md
  - docs/models/components/eventmetadata.md
  - docs/models/components/metrics.md
  - docs/models/components/outputs.md
  - docs/models/components/eventuserproperties.md
  - docs/models/components/event.md
  - docs/models/components/threshold.md
  - docs/models/components/metric.md
  - docs/models/components/metricedit.md
  - docs/models/components/hyperparameters.md
  - docs/models/components/prompt.md
  - docs/models/components/task.md
  - docs/models/components/testcase.md
  - docs/models/components/testcaseupdate.md
  - docs/models/components/toolparameters.md
  - docs/models/components/tool.md
  - docs/models/components/toolupdateparameters.md
  - docs/models/components/toolupdate.md
  - docs/models/components/security.md
  - docs/sdks/honeyhive/README.md
  - docs/sdks/configurations/README.md
  - docs/sdks/datapoint/README.md
  - docs/sdks/datasets/README.md
  - docs/sdks/events/README.md
  - docs/sdks/metrics/README.md
  - docs/sdks/prompts/README.md
  - docs/sdks/session/README.md
  - docs/sdks/tasks/README.md
  - docs/sdks/testcases/README.md
  - docs/sdks/tools/README.md
  - USAGE.md
  - .gitattributes
