lockVersion: 2.0.0
id: c8547e23-1f13-448b-999d-edc093cc295f
management:
  docChecksum: ae9323799152a16ac120014496d543ff
  docVersion: 1.0.1
  speakeasyVersion: 1.382.0
  generationVersion: 2.404.11
  releaseVersion: 0.5.3
  configChecksum: 014897173ec6ec5a6474c600282e05b9
  repoURL: https://github.com/honeyhiveai/typescript-sdk.git
  repoSubDirectory: .
  installationURL: https://github.com/honeyhiveai/typescript-sdk
features:
  typescript:
    additionalDependencies: 0.1.0
    additionalProperties: 0.1.1
    core: 3.14.1
    defaultEnabledRetries: 0.1.0
    envVarSecurityUsage: 0.1.1
    flattening: 2.81.1
    globalSecurity: 2.82.11
    globalSecurityCallbacks: 0.1.0
    globalSecurityFlattening: 0.1.0
    globalServerURLs: 2.82.4
    nullables: 0.1.0
    responseFormat: 0.2.3
    retries: 2.83.0
    sdkHooks: 0.1.0
generatedFiles:
  - src/funcs/sessionStartSession.ts
  - src/funcs/sessionGetSession.ts
  - src/funcs/eventsCreateEvent.ts
  - src/funcs/eventsUpdateEvent.ts
  - src/funcs/eventsGetEvents.ts
  - src/funcs/eventsCreateModelEvent.ts
  - src/funcs/eventsCreateEventBatch.ts
  - src/funcs/eventsCreateModelEventBatch.ts
  - src/funcs/metricsGetMetrics.ts
  - src/funcs/metricsCreateMetric.ts
  - src/funcs/metricsUpdateMetric.ts
  - src/funcs/metricsDeleteMetric.ts
  - src/funcs/toolsGetTools.ts
  - src/funcs/toolsCreateTool.ts
  - src/funcs/toolsUpdateTool.ts
  - src/funcs/toolsDeleteTool.ts
  - src/funcs/datapointsGetDatapoints.ts
  - src/funcs/datapointsCreateDatapoint.ts
  - src/funcs/datapointsGetDatapoint.ts
  - src/funcs/datapointsUpdateDatapoint.ts
  - src/funcs/datapointsDeleteDatapoint.ts
  - src/funcs/datasetsGetDatasets.ts
  - src/funcs/datasetsCreateDataset.ts
  - src/funcs/datasetsUpdateDataset.ts
  - src/funcs/datasetsDeleteDataset.ts
  - src/funcs/datasetsAddDatapoints.ts
  - src/funcs/projectsGetProjects.ts
  - src/funcs/projectsCreateProject.ts
  - src/funcs/projectsUpdateProject.ts
  - src/funcs/projectsDeleteProject.ts
  - src/funcs/runsCreateRun.ts
  - src/funcs/runsGetRuns.ts
  - src/funcs/runsGetRun.ts
  - src/funcs/runsUpdateRun.ts
  - src/funcs/runsDeleteRun.ts
  - src/funcs/configurationsGetConfigurations.ts
  - src/funcs/configurationsCreateConfiguration.ts
  - src/funcs/configurationsUpdateConfiguration.ts
  - src/funcs/configurationsDeleteConfiguration.ts
  - src/sdk/session.ts
  - src/sdk/events.ts
  - src/sdk/metrics.ts
  - src/sdk/tools.ts
  - src/sdk/datapoints.ts
  - src/sdk/datasets.ts
  - src/sdk/projects.ts
  - src/sdk/runs.ts
  - src/sdk/configurations.ts
  - src/sdk/sdk.ts
  - .eslintrc.cjs
  - .npmignore
  - FUNCTIONS.md
  - RUNTIMES.md
  - jsr.json
  - package.json
  - src/core.ts
  - src/index.ts
  - src/lib/base64.ts
  - src/lib/config.ts
  - src/lib/dlv.ts
  - src/lib/encodings.ts
  - src/lib/http.ts
  - src/lib/is-plain-object.ts
  - src/lib/logger.ts
  - src/lib/matchers.ts
  - src/lib/primitives.ts
  - src/lib/retries.ts
  - src/lib/schemas.ts
  - src/lib/sdks.ts
  - src/lib/security.ts
  - src/lib/url.ts
  - src/models/errors/httpclienterrors.ts
  - src/models/errors/sdkerror.ts
  - src/models/errors/sdkvalidationerror.ts
  - src/types/blobs.ts
  - src/types/constdatetime.ts
  - src/types/enums.ts
  - src/types/fp.ts
  - src/types/index.ts
  - src/types/operations.ts
  - src/types/rfcdate.ts
  - tsconfig.json
  - src/models/operations/startsession.ts
  - src/models/operations/getsession.ts
  - src/models/operations/createevent.ts
  - src/models/operations/updateevent.ts
  - src/models/operations/getevents.ts
  - src/models/operations/createmodelevent.ts
  - src/models/operations/createeventbatch.ts
  - src/models/operations/createmodeleventbatch.ts
  - src/models/operations/getmetrics.ts
  - src/models/operations/deletemetric.ts
  - src/models/operations/createtool.ts
  - src/models/operations/deletetool.ts
  - src/models/operations/getdatapoints.ts
  - src/models/operations/createdatapoint.ts
  - src/models/operations/getdatapoint.ts
  - src/models/operations/updatedatapoint.ts
  - src/models/operations/deletedatapoint.ts
  - src/models/operations/getdatasets.ts
  - src/models/operations/createdataset.ts
  - src/models/operations/deletedataset.ts
  - src/models/operations/adddatapoints.ts
  - src/models/operations/getprojects.ts
  - src/models/operations/deleteproject.ts
  - src/models/operations/getruns.ts
  - src/models/operations/getrun.ts
  - src/models/operations/updaterun.ts
  - src/models/operations/deleterun.ts
  - src/models/operations/getconfigurations.ts
  - src/models/operations/updateconfiguration.ts
  - src/models/operations/deleteconfiguration.ts
  - src/models/components/sessionstartrequest.ts
  - src/models/components/event.ts
  - src/models/components/createeventrequest.ts
  - src/models/components/eventfilter.ts
  - src/models/components/createmodelevent.ts
  - src/models/components/metric.ts
  - src/models/components/metricedit.ts
  - src/models/components/tool.ts
  - src/models/components/createtoolrequest.ts
  - src/models/components/updatetoolrequest.ts
  - src/models/components/datapoint.ts
  - src/models/components/createdatapointrequest.ts
  - src/models/components/updatedatapointrequest.ts
  - src/models/components/dataset.ts
  - src/models/components/createdatasetrequest.ts
  - src/models/components/datasetupdate.ts
  - src/models/components/project.ts
  - src/models/components/createprojectrequest.ts
  - src/models/components/updateprojectrequest.ts
  - src/models/components/createrunresponse.ts
  - src/models/components/evaluationrun.ts
  - src/models/components/createrunrequest.ts
  - src/models/components/getrunsresponse.ts
  - src/models/components/getrunresponse.ts
  - src/models/components/updaterunresponse.ts
  - src/models/components/updaterunrequest.ts
  - src/models/components/deleterunresponse.ts
  - src/models/components/configuration.ts
  - src/models/components/postconfigurationrequest.ts
  - src/models/components/putconfigurationrequest.ts
  - src/models/components/security.ts
  - src/models/errors/createeventbatch.ts
  - src/models/errors/createmodeleventbatch.ts
  - src/models/errors/index.ts
  - src/models/operations/index.ts
  - src/models/components/index.ts
  - docs/models/operations/startsessionrequestbody.md
  - docs/models/operations/startsessionresponsebody.md
  - docs/models/operations/getsessionrequest.md
  - docs/models/operations/createeventrequestbody.md
  - docs/models/operations/createeventresponsebody.md
  - docs/models/operations/updateeventrequestbody.md
  - docs/models/operations/daterange.md
  - docs/models/operations/geteventsrequestbody.md
  - docs/models/operations/geteventsresponsebody.md
  - docs/models/operations/createmodeleventrequestbody.md
  - docs/models/operations/createmodeleventresponsebody.md
  - docs/models/operations/createeventbatchrequestbody.md
  - docs/models/operations/createeventbatchresponsebody.md
  - docs/models/operations/createmodeleventbatchrequestbody.md
  - docs/models/operations/createmodeleventbatchresponsebody.md
  - docs/models/operations/getmetricsrequest.md
  - docs/models/operations/deletemetricrequest.md
  - docs/models/operations/result.md
  - docs/models/operations/createtoolresponsebody.md
  - docs/models/operations/deletetoolrequest.md
  - docs/models/operations/getdatapointsrequest.md
  - docs/models/operations/getdatapointsresponsebody.md
  - docs/models/operations/createdatapointresult.md
  - docs/models/operations/createdatapointresponsebody.md
  - docs/models/operations/getdatapointrequest.md
  - docs/models/operations/getdatapointresponsebody.md
  - docs/models/operations/updatedatapointrequest.md
  - docs/models/operations/deletedatapointrequest.md
  - docs/models/operations/deletedatapointresponsebody.md
  - docs/models/operations/type.md
  - docs/models/operations/getdatasetsrequest.md
  - docs/models/operations/getdatasetsresponsebody.md
  - docs/models/operations/createdatasetresult.md
  - docs/models/operations/createdatasetresponsebody.md
  - docs/models/operations/deletedatasetrequest.md
  - docs/models/operations/mapping.md
  - docs/models/operations/adddatapointsrequestbody.md
  - docs/models/operations/adddatapointsrequest.md
  - docs/models/operations/adddatapointsresponsebody.md
  - docs/models/operations/getprojectsrequest.md
  - docs/models/operations/deleteprojectrequest.md
  - docs/models/operations/getrunsrequest.md
  - docs/models/operations/getrunrequest.md
  - docs/models/operations/updaterunrequest.md
  - docs/models/operations/deleterunrequest.md
  - docs/models/operations/env.md
  - docs/models/operations/getconfigurationsrequest.md
  - docs/models/operations/updateconfigurationrequest.md
  - docs/models/operations/deleteconfigurationrequest.md
  - docs/models/components/sessionstartrequest.md
  - docs/models/components/eventtype.md
  - docs/models/components/event.md
  - docs/models/components/createeventrequesteventtype.md
  - docs/models/components/createeventrequest.md
  - docs/models/components/operator.md
  - docs/models/components/type.md
  - docs/models/components/eventfilter.md
  - docs/models/components/createmodelevent.md
  - docs/models/components/metrictype.md
  - docs/models/components/returntypet.md
  - docs/models/components/threshold.md
  - docs/models/components/metric.md
  - docs/models/components/metricedittype.md
  - docs/models/components/metriceditreturntype.md
  - docs/models/components/metriceditthreshold.md
  - docs/models/components/metricediteventtype.md
  - docs/models/components/metricedit.md
  - docs/models/components/tooltype.md
  - docs/models/components/tool.md
  - docs/models/components/createtoolrequesttype.md
  - docs/models/components/createtoolrequest.md
  - docs/models/components/updatetoolrequest.md
  - docs/models/components/datapoint.md
  - docs/models/components/createdatapointrequest.md
  - docs/models/components/updatedatapointrequest.md
  - docs/models/components/datasettype.md
  - docs/models/components/pipelinetype.md
  - docs/models/components/dataset.md
  - docs/models/components/createdatasetrequesttype.md
  - docs/models/components/createdatasetrequestpipelinetype.md
  - docs/models/components/createdatasetrequest.md
  - docs/models/components/datasetupdate.md
  - docs/models/components/project.md
  - docs/models/components/createprojectrequest.md
  - docs/models/components/updateprojectrequest.md
  - docs/models/components/createrunresponse.md
  - docs/models/components/results.md
  - docs/models/components/evaluationrunstatus.md
  - docs/models/components/evaluationrun.md
  - docs/models/components/status.md
  - docs/models/components/createrunrequest.md
  - docs/models/components/getrunsresponse.md
  - docs/models/components/getrunresponse.md
  - docs/models/components/updaterunresponse.md
  - docs/models/components/updaterunrequeststatus.md
  - docs/models/components/updaterunrequest.md
  - docs/models/components/deleterunresponse.md
  - docs/models/components/env.md
  - docs/models/components/calltype.md
  - docs/models/components/responseformat.md
  - docs/models/components/selectedfunctions.md
  - docs/models/components/functioncallparams.md
  - docs/models/components/parameterst.md
  - docs/models/components/configurationtype.md
  - docs/models/components/configuration.md
  - docs/models/components/postconfigurationrequestcalltype.md
  - docs/models/components/postconfigurationrequestresponseformat.md
  - docs/models/components/postconfigurationrequestselectedfunctions.md
  - docs/models/components/postconfigurationrequestfunctioncallparams.md
  - docs/models/components/postconfigurationrequestparameters.md
  - docs/models/components/postconfigurationrequestenv.md
  - docs/models/components/postconfigurationrequest.md
  - docs/models/components/putconfigurationrequestcalltype.md
  - docs/models/components/putconfigurationrequestresponseformat.md
  - docs/models/components/putconfigurationrequestselectedfunctions.md
  - docs/models/components/putconfigurationrequestfunctioncallparams.md
  - docs/models/components/putconfigurationrequestparameters.md
  - docs/models/components/putconfigurationrequestenv.md
  - docs/models/components/putconfigurationrequesttype.md
  - docs/models/components/putconfigurationrequest.md
  - docs/models/components/security.md
  - docs/models/errors/createeventbatchresponsebody.md
  - docs/models/errors/createmodeleventbatchresponsebody.md
  - docs/sdks/honeyhive/README.md
  - docs/lib/utils/retryconfig.md
  - docs/sdks/session/README.md
  - docs/sdks/events/README.md
  - docs/sdks/metrics/README.md
  - docs/sdks/tools/README.md
  - docs/sdks/datapoints/README.md
  - docs/sdks/datasets/README.md
  - docs/sdks/projects/README.md
  - docs/sdks/runs/README.md
  - docs/sdks/configurations/README.md
  - USAGE.md
  - .gitattributes
  - src/hooks/hooks.ts
  - src/hooks/types.ts
  - src/hooks/index.ts
  - CONTRIBUTING.md
