speakeasyVersion: 1.299.6
sources:
    my-source:
        sourceNamespace: my-source
        sourceRevisionDigest: sha256:50a8ed40ae1193c7212ed324dfb08ad455a5ee47dd2a2ad97fa8a1fdf0a622f3
        sourceBlobDigest: sha256:9220b55ef5bddf46e5e94a14c3223886197318487bf4443fd49ba1f6fe4a703c
        tags:
            - latest
            - update-spec
targets:
    typescript:
        source: my-source
        sourceNamespace: my-source
        sourceRevisionDigest: sha256:50a8ed40ae1193c7212ed324dfb08ad455a5ee47dd2a2ad97fa8a1fdf0a622f3
        sourceBlobDigest: sha256:9220b55ef5bddf46e5e94a14c3223886197318487bf4443fd49ba1f6fe4a703c
        outLocation: /github/workspace/repo
workflow:
    workflowVersion: 1.0.0
    speakeasyVersion: latest
    sources:
        my-source:
            inputs:
                - location: openapi.yaml
            registry:
                location: registry.speakeasyapi.dev/honey-hive/honeyhive-jxo/my-source
    targets:
        typescript:
            target: typescript
            source: my-source
