speakeasyVersion: 1.460.2
sources:
    my-source:
        sourceNamespace: my-source
        sourceRevisionDigest: sha256:d5382bfb5a82d5cc63541dc7609e28794d4d30936d48c71baccc98f688e0891d
        sourceBlobDigest: sha256:a3e5b7a87e759aebb28c69d0cbfe1b21eeee57f84b56b047b83b65622e8fec2f
        tags:
            - latest
            - speakeasy-sdk-regen-1731456681
            - 1.0.4
targets:
    typescript:
        source: my-source
        sourceNamespace: my-source
        sourceRevisionDigest: sha256:d5382bfb5a82d5cc63541dc7609e28794d4d30936d48c71baccc98f688e0891d
        sourceBlobDigest: sha256:a3e5b7a87e759aebb28c69d0cbfe1b21eeee57f84b56b047b83b65622e8fec2f
        codeSamplesNamespace: my-source-typescript-code-samples
        codeSamplesRevisionDigest: sha256:5b2d9889a0b8120db116419b837e9f276251c5ad716691009e39ab307c5c35ca
workflow:
    workflowVersion: 1.0.0
    speakeasyVersion: latest
    sources:
        my-source:
            inputs:
                - location: openapi.yaml
            registry:
                location: registry.speakeasyapi.dev/honey-hive/honeyhive-jxo/my-source
    targets:
        typescript:
            target: typescript
            source: my-source
            codeSamples:
                output: codeSamples.yaml
                registry:
                    location: registry.speakeasyapi.dev/honey-hive/honeyhive-jxo/my-source-typescript-code-samples
